
Microsoft Visual Studio Solution File, Format Version 12.00
# Visual Studio Version 17
VisualStudioVersion = 17.10.35027.167
MinimumVisualStudioVersion = 10.0.40219.1
Project("{FAE04EC0-301F-11D3-BF4B-00C04F79EFBC}") = "HRMS", "HRMS\HRMS.csproj", "{ABB29C9D-AE60-488A-9FE2-C0F72173E448}"
EndProject
Global
	GlobalSection(SolutionConfigurationPlatforms) = preSolution
		Debug|Any CPU = Debug|Any CPU
		Release|Any CPU = Release|Any CPU
	EndGlobalSection
	GlobalSection(ProjectConfigurationPlatforms) = postSolution
		{ABB29C9D-AE60-488A-9FE2-C0F72173E448}.Debug|Any CPU.ActiveCfg = Debug|Any CPU
		{ABB29C9D-AE60-488A-9FE2-C0F72173E448}.Debug|Any CPU.Build.0 = Debug|Any CPU
		{ABB29C9D-AE60-488A-9FE2-C0F72173E448}.Release|Any CPU.ActiveCfg = Release|Any CPU
		{ABB29C9D-AE60-488A-9FE2-C0F72173E448}.Release|Any CPU.Build.0 = Release|Any CPU
	EndGlobalSection
	GlobalSection(SolutionProperties) = preSolution
		HideSolutionNode = FALSE
	EndGlobalSection
	GlobalSection(ExtensibilityGlobals) = postSolution
		SolutionGuid = {8BF75E51-A649-477F-AC2F-D527D6FD0541}
	EndGlobalSection
EndGlobal
